PODS:
  - SwiftLint (0.26.0)
  - YandexMapKit (3.5.0):
    - YandexRuntime (= 3.5.0)
  - YandexRuntime (3.5.0)

DEPENDENCIES:
  - SwiftLint (~> 0.26.0)
  - YandexMapKit (= 3.5)

SPEC REPOS:
  trunk:
    - SwiftLint
    - YandexMapKit
    - YandexRuntime

SPEC CHECKSUMS:
  SwiftLint: f6b83e8d95ee1e91e11932d843af4fdcbf3fc764
  YandexMapKit: ecd4b78de34a35df63d066ac299e6fd0fe46d1ba
  YandexRuntime: 2d55244d06267106cf9b00c25a1e63f72a73b6fd

PODFILE CHECKSUM: ecaa48b0f9bbf0b29a373bbe8064966b87f0d7ef

COCOAPODS: 1.10.0
